
Microsoft Visual Studio Solution File, Format Version 12.00
# Visual Studio Version 17
VisualStudioVersion = 17.1.32319.34
MinimumVisualStudioVersion = 10.0.40219.1
Project("{FAE04EC0-301F-11D3-BF4B-00C04F79EFBC}") = "Ex5", "Ex5\Ex5.csproj", "{9D16C2B6-9F67-45C2-A4A3-5FD5352710EF}"
EndProject
Global
	GlobalSection(SolutionConfigurationPlatforms) = preSolution
		Debug|Any CPU = Debug|Any CPU
		Release|Any CPU = Release|Any CPU
	EndGlobalSection
	GlobalSection(ProjectConfigurationPlatforms) = postSolution
		{9D16C2B6-9F67-45C2-A4A3-5FD5352710EF}.Debug|Any CPU.ActiveCfg = Debug|Any CPU
		{9D16C2B6-9F67-45C2-A4A3-5FD5352710EF}.Debug|Any CPU.Build.0 = Debug|Any CPU
		{9D16C2B6-9F67-45C2-A4A3-5FD5352710EF}.Release|Any CPU.ActiveCfg = Release|Any CPU
		{9D16C2B6-9F67-45C2-A4A3-5FD5352710EF}.Release|Any CPU.Build.0 = Release|Any CPU
	EndGlobalSection
	GlobalSection(SolutionProperties) = preSolution
		HideSolutionNode = FALSE
	EndGlobalSection
	GlobalSection(ExtensibilityGlobals) = postSolution
		SolutionGuid = {1F37A500-F9EC-40F4-B4B0-D3D91348F036}
	EndGlobalSection
EndGlobal
