
Microsoft Visual Studio Solution File, Format Version 12.00
# Visual Studio Version 17
VisualStudioVersion = 17.1.32319.34
MinimumVisualStudioVersion = 10.0.40219.1
Project("{FAE04EC0-301F-11D3-BF4B-00C04F79EFBC}") = "Ex7", "Ex7\Ex7.csproj", "{DBB60AAD-353F-451C-AE98-54E20727771D}"
EndProject
Global
	GlobalSection(SolutionConfigurationPlatforms) = preSolution
		Debug|Any CPU = Debug|Any CPU
		Release|Any CPU = Release|Any CPU
	EndGlobalSection
	GlobalSection(ProjectConfigurationPlatforms) = postSolution
		{DBB60AAD-353F-451C-AE98-54E20727771D}.Debug|Any CPU.ActiveCfg = Debug|Any CPU
		{DBB60AAD-353F-451C-AE98-54E20727771D}.Debug|Any CPU.Build.0 = Debug|Any CPU
		{DBB60AAD-353F-451C-AE98-54E20727771D}.Release|Any CPU.ActiveCfg = Release|Any CPU
		{DBB60AAD-353F-451C-AE98-54E20727771D}.Release|Any CPU.Build.0 = Release|Any CPU
	EndGlobalSection
	GlobalSection(SolutionProperties) = preSolution
		HideSolutionNode = FALSE
	EndGlobalSection
	GlobalSection(ExtensibilityGlobals) = postSolution
		SolutionGuid = {0730812F-FB53-4F65-9759-AD72A1480BA6}
	EndGlobalSection
EndGlobal
